# THIS IS AN AUTOGENERATED FILE. DO NOT EDIT THIS FILE DIRECTLY.
# yarn lockfile v1


"@types/aws-lambda@^8.10.92":
  version "8.10.95"
  resolved "https://registry.npmjs.org/@types/aws-lambda/-/aws-lambda-8.10.95.tgz"
  integrity sha512-wGtzLbd04EmqhFjTZmXgLzvmhDdyVU7AMo/JkiPmA2VUdBFQfUBQFCEzaVVK+f1PP5aWx1ejnb7K/8MXYI/frQ==

luxon@^2.3.2:
  version "2.3.2"
  resolved "https://registry.yarnpkg.com/luxon/-/luxon-2.3.2.tgz#5f2f3002b8c39b60a7b7ad24b2a85d90dc5db49c"
  integrity sha512-MlAQQVMFhGk4WUA6gpfsy0QycnKP0+NlCBJRVRNPxxSIbjrCbQ65nrpJD3FVyJNZLuJ0uoqL57ye6BmDYgHaSw==
